
Microsoft Visual Studio Solution File, Format Version 12.00
# Visual Studio 15
VisualStudioVersion = 15.0.27004.2005
MinimumVisualStudioVersion = 10.0.40219.1
Project("{2150E333-8FDC-42A3-9474-1A3956D46DE8}") = "Solution Items", "Solution Items", "{B6D3C1BB-2A37-4E17-9EE3-DEF28286E782}"
	ProjectSection(SolutionItems) = preProject
		Instructions.txt = Instructions.txt
	EndProjectSection
EndProject
Project("{FAE04EC0-301F-11D3-BF4B-00C04F79EFBC}") = "AnyCompany.Abstractions", "AnyCompany.Abstractions\AnyCompany.Abstractions.csproj", "{CA267EE7-6F9B-4DE8-B8B4-9FA61B4CDAB8}"
EndProject
Project("{FAE04EC0-301F-11D3-BF4B-00C04F79EFBC}") = "AnyCompany.Domain", "AnyCompany.Domain\AnyCompany.Domain.csproj", "{06886605-5E83-4702-A634-4FB0EEC9E6DE}"
EndProject
Project("{FAE04EC0-301F-11D3-BF4B-00C04F79EFBC}") = "AnyCompany.Repository", "AnyCompany.Repository\AnyCompany.Repository.csproj", "{9205A0A6-64CD-47B2-9927-F8E502B05C33}"
EndProject
Project("{FAE04EC0-301F-11D3-BF4B-00C04F79EFBC}") = "AnyCompany.Services", "AnyCompany.Services\AnyCompany.Services.csproj", "{A4D6B6B4-EC02-4ECD-8E84-472A44A48CF7}"
EndProject
Project("{FAE04EC0-301F-11D3-BF4B-00C04F79EFBC}") = "AnyCompany.Client", "AnyCompany.Client\AnyCompany.Client.csproj", "{5ADF09FE-E7DA-402D-8DA9-FDB76DE0EF10}"
EndProject
Project("{FAE04EC0-301F-11D3-BF4B-00C04F79EFBC}") = "AnyCompany.UnitTests", "AnyCompany.UnitTests\AnyCompany.UnitTests.csproj", "{D32443F4-AA48-4F1D-BCE4-C629A72CF92C}"
EndProject
Global
	GlobalSection(SolutionConfigurationPlatforms) = preSolution
		Debug|Any CPU = Debug|Any CPU
		Release|Any CPU = Release|Any CPU
	EndGlobalSection
	GlobalSection(ProjectConfigurationPlatforms) = postSolution
		{CA267EE7-6F9B-4DE8-B8B4-9FA61B4CDAB8}.Debug|Any CPU.ActiveCfg = Debug|Any CPU
		{CA267EE7-6F9B-4DE8-B8B4-9FA61B4CDAB8}.Debug|Any CPU.Build.0 = Debug|Any CPU
		{CA267EE7-6F9B-4DE8-B8B4-9FA61B4CDAB8}.Release|Any CPU.ActiveCfg = Release|Any CPU
		{CA267EE7-6F9B-4DE8-B8B4-9FA61B4CDAB8}.Release|Any CPU.Build.0 = Release|Any CPU
		{06886605-5E83-4702-A634-4FB0EEC9E6DE}.Debug|Any CPU.ActiveCfg = Debug|Any CPU
		{06886605-5E83-4702-A634-4FB0EEC9E6DE}.Debug|Any CPU.Build.0 = Debug|Any CPU
		{06886605-5E83-4702-A634-4FB0EEC9E6DE}.Release|Any CPU.ActiveCfg = Release|Any CPU
		{06886605-5E83-4702-A634-4FB0EEC9E6DE}.Release|Any CPU.Build.0 = Release|Any CPU
		{9205A0A6-64CD-47B2-9927-F8E502B05C33}.Debug|Any CPU.ActiveCfg = Debug|Any CPU
		{9205A0A6-64CD-47B2-9927-F8E502B05C33}.Debug|Any CPU.Build.0 = Debug|Any CPU
		{9205A0A6-64CD-47B2-9927-F8E502B05C33}.Release|Any CPU.ActiveCfg = Release|Any CPU
		{9205A0A6-64CD-47B2-9927-F8E502B05C33}.Release|Any CPU.Build.0 = Release|Any CPU
		{A4D6B6B4-EC02-4ECD-8E84-472A44A48CF7}.Debug|Any CPU.ActiveCfg = Debug|Any CPU
		{A4D6B6B4-EC02-4ECD-8E84-472A44A48CF7}.Debug|Any CPU.Build.0 = Debug|Any CPU
		{A4D6B6B4-EC02-4ECD-8E84-472A44A48CF7}.Release|Any CPU.ActiveCfg = Release|Any CPU
		{A4D6B6B4-EC02-4ECD-8E84-472A44A48CF7}.Release|Any CPU.Build.0 = Release|Any CPU
		{5ADF09FE-E7DA-402D-8DA9-FDB76DE0EF10}.Debug|Any CPU.ActiveCfg = Debug|Any CPU
		{5ADF09FE-E7DA-402D-8DA9-FDB76DE0EF10}.Debug|Any CPU.Build.0 = Debug|Any CPU
		{5ADF09FE-E7DA-402D-8DA9-FDB76DE0EF10}.Release|Any CPU.ActiveCfg = Release|Any CPU
		{5ADF09FE-E7DA-402D-8DA9-FDB76DE0EF10}.Release|Any CPU.Build.0 = Release|Any CPU
		{D32443F4-AA48-4F1D-BCE4-C629A72CF92C}.Debug|Any CPU.ActiveCfg = Debug|Any CPU
		{D32443F4-AA48-4F1D-BCE4-C629A72CF92C}.Debug|Any CPU.Build.0 = Debug|Any CPU
		{D32443F4-AA48-4F1D-BCE4-C629A72CF92C}.Release|Any CPU.ActiveCfg = Release|Any CPU
		{D32443F4-AA48-4F1D-BCE4-C629A72CF92C}.Release|Any CPU.Build.0 = Release|Any CPU
	EndGlobalSection
	GlobalSection(SolutionProperties) = preSolution
		HideSolutionNode = FALSE
	EndGlobalSection
	GlobalSection(ExtensibilityGlobals) = postSolution
		SolutionGuid = {4D629674-23F9-49DA-971E-77A5D7A7C39D}
	EndGlobalSection
EndGlobal
